
Microsoft Visual Studio Solution File, Format Version 12.00
# Visual Studio Version 16
VisualStudioVersion = 16.0.29728.190
MinimumVisualStudioVersion = 10.0.40219.1
Project("{FAE04EC0-301F-11D3-BF4B-00C04F79EFBC}") = "Resala-App", "Resala-App.csproj", "{07010AED-F650-4C8C-9B0D-E09DE8112541}"
EndProject
Global
	GlobalSection(SolutionConfigurationPlatforms) = preSolution
		Debug|Any CPU = Debug|Any CPU
		Release|Any CPU = Release|Any CPU
	EndGlobalSection
	GlobalSection(ProjectConfigurationPlatforms) = postSolution
		{07010AED-F650-4C8C-9B0D-E09DE8112541}.Debug|Any CPU.ActiveCfg = Debug|Any CPU
		{07010AED-F650-4C8C-9B0D-E09DE8112541}.Debug|Any CPU.Build.0 = Debug|Any CPU
		{07010AED-F650-4C8C-9B0D-E09DE8112541}.Release|Any CPU.ActiveCfg = Release|Any CPU
		{07010AED-F650-4C8C-9B0D-E09DE8112541}.Release|Any CPU.Build.0 = Release|Any CPU
	EndGlobalSection
	GlobalSection(SolutionProperties) = preSolution
		HideSolutionNode = FALSE
	EndGlobalSection
	GlobalSection(ExtensibilityGlobals) = postSolution
		SolutionGuid = {ADCEE8DC-8504-4A07-B98B-61D991F47ACA}
	EndGlobalSection
EndGlobal
